
Microsoft Visual Studio Solution File, Format Version 12.00
# Visual Studio Version 17
VisualStudioVersion = 17.9.34728.123
MinimumVisualStudioVersion = 10.0.40219.1
Project("{FAE04EC0-301F-11D3-BF4B-00C04F79EFBC}") = "ex18_winControlApp", "ex18_winControlApp\ex18_winControlApp.csproj", "{166970EB-2549-4B85-86AD-A07C0531B5E2}"
EndProject
Global
	GlobalSection(SolutionConfigurationPlatforms) = preSolution
		Debug|Any CPU = Debug|Any CPU
		Release|Any CPU = Release|Any CPU
	EndGlobalSection
	GlobalSection(ProjectConfigurationPlatforms) = postSolution
		{166970EB-2549-4B85-86AD-A07C0531B5E2}.Debug|Any CPU.ActiveCfg = Debug|Any CPU
		{166970EB-2549-4B85-86AD-A07C0531B5E2}.Debug|Any CPU.Build.0 = Debug|Any CPU
		{166970EB-2549-4B85-86AD-A07C0531B5E2}.Release|Any CPU.ActiveCfg = Release|Any CPU
		{166970EB-2549-4B85-86AD-A07C0531B5E2}.Release|Any CPU.Build.0 = Release|Any CPU
	EndGlobalSection
	GlobalSection(SolutionProperties) = preSolution
		HideSolutionNode = FALSE
	EndGlobalSection
	GlobalSection(ExtensibilityGlobals) = postSolution
		SolutionGuid = {882CAE3C-2F77-4951-85CA-2923F8235BDF}
	EndGlobalSection
EndGlobal
